// !$*UTF8*$!
{
	archiveVersion = 1;
	classes = {
	};
	objectVersion = 46;
	objects = {

/* Begin PBXBuildFile section */
		B9B316C81DC2D11200D03539 /* ResultsViewController.swift in Sources */ = {isa = PBXBuildFile; fileRef = B9B316C71DC2D11200D03539 /* ResultsViewController.swift */; };
		B9F59B4B1DC2C712005B97CE /* AppDelegate.swift in Sources */ = {isa = PBXBuildFile; fileRef = B9F59B4A1DC2C712005B97CE /* AppDelegate.swift */; };
		B9F59B4D1DC2C712005B97CE /* MainViewController.swift in Sources */ = {isa = PBXBuildFile; fileRef = B9F59B4C1DC2C712005B97CE /* MainViewController.swift */; };
		B9F59B501DC2C712005B97CE /* Main.storyboard in Resources */ = {isa = PBXBuildFile; fileRef = B9F59B4E1DC2C712005B97CE /* Main.storyboard */; };
		B9F59B521DC2C712005B97CE /* Assets.xcassets in Resources */ = {isa = PBXBuildFile; fileRef = B9F59B511DC2C712005B97CE /* Assets.xcassets */; };
		B9F59B551DC2C712005B97CE /* LaunchScreen.storyboard in Resources */ = {isa = PBXBuildFile; fileRef = B9F59B531DC2C712005B97CE /* LaunchScreen.storyboard */; };
		B9F59B601DC2C712005B97CE /* ToddsSyndromeTests.swift in Sources */ = {isa = PBXBuildFile; fileRef = B9F59B5F1DC2C712005B97CE /* ToddsSyndromeTests.swift */; };
		B9F59B6B1DC2CB87005B97CE /* Rubik-Light.ttf in Resources */ = {isa = PBXBuildFile; fileRef = B9F59B6A1DC2CB87005B97CE /* Rubik-Light.ttf */; };
		B9F59B6E1DC2CEE6005B97CE /* Rubik-Regular.ttf in Resources */ = {isa = PBXBuildFile; fileRef = B9F59B6D1DC2CEE6005B97CE /* Rubik-Regular.ttf */; };
/* End PBXBuildFile section */

/* Begin PBXContainerItemProxy section */
		B9F59B5C1DC2C712005B97CE /* PBXContainerItemProxy */ = {
			isa = PBXContainerItemProxy;
			containerPortal = B9F59B3F1DC2C712005B97CE /* Project object */;
			proxyType = 1;
			remoteGlobalIDString = B9F59B461DC2C712005B97CE;
			remoteInfo = ToddsSyndrome;
		};
/* End PBXContainerItemProxy section */

/* Begin PBXFileReference section */
		B9B316C71DC2D11200D03539 /* ResultsViewController.swift */ = {isa = PBXFileReference; fileEncoding = 4; lastKnownFileType = sourcecode.swift; path = ResultsViewController.swift; sourceTree = "<group>"; };
		B9F59B471DC2C712005B97CE /* ToddsSyndrome.app */ = {isa = PBXFileReference; explicitFileType = wrapper.application; includeInIndex = 0; path = ToddsSyndrome.app; sourceTree = BUILT_PRODUCTS_DIR; };
		B9F59B4A1DC2C712005B97CE /* AppDelegate.swift */ = {isa = PBXFileReference; lastKnownFileType = sourcecode.swift; path = AppDelegate.swift; sourceTree = "<group>"; };
		B9F59B4C1DC2C712005B97CE /* MainViewController.swift */ = {isa = PBXFileReference; lastKnownFileType = sourcecode.swift; path = MainViewController.swift; sourceTree = "<group>"; };
		B9F59B4F1DC2C712005B97CE /* Base */ = {isa = PBXFileReference; lastKnownFileType = file.storyboard; name = Base; path = Base.lproj/Main.storyboard; sourceTree = "<group>"; };
		B9F59B511DC2C712005B97CE /* Assets.xcassets */ = {isa = PBXFileReference; lastKnownFileType = folder.assetcatalog; path = Assets.xcassets; sourceTree = "<group>"; };
		B9F59B541DC2C712005B97CE /* Base */ = {isa = PBXFileReference; lastKnownFileType = file.storyboard; name = Base; path = Base.lproj/LaunchScreen.storyboard; sourceTree = "<group>"; };
		B9F59B561DC2C712005B97CE /* Info.plist */ = {isa = PBXFileReference; lastKnownFileType = text.plist.xml; path = Info.plist; sourceTree = "<group>"; };
		B9F59B5B1DC2C712005B97CE /* ToddsSyndromeTests.xctest */ = {isa = PBXFileReference; explicitFileType = wrapper.cfbundle; includeInIndex = 0; path = ToddsSyndromeTests.xctest; sourceTree = BUILT_PRODUCTS_DIR; };
		B9F59B5F1DC2C712005B97CE /* ToddsSyndromeTests.swift */ = {isa = PBXFileReference; lastKnownFileType = sourcecode.swift; path = ToddsSyndromeTests.swift; sourceTree = "<group>"; };
		B9F59B611DC2C712005B97CE /* Info.plist */ = {isa = PBXFileReference; lastKnownFileType = text.plist.xml; path = Info.plist; sourceTree = "<group>"; };
		B9F59B6A1DC2CB87005B97CE /* Rubik-Light.ttf */ = {isa = PBXFileReference; lastKnownFileType = file; path = "Rubik-Light.ttf"; sourceTree = "<group>"; };
		B9F59B6D1DC2CEE6005B97CE /* Rubik-Regular.ttf */ = {isa = PBXFileReference; lastKnownFileType = file; path = "Rubik-Regular.ttf"; sourceTree = "<group>"; };
/* End PBXFileReference section */

/* Begin PBXFrameworksBuildPhase section */
		B9F59B441DC2C712005B97CE /* Frameworks */ = {
			isa = PBXFrameworksBuildPhase;
			buildActionMask = 2147483647;
			files = (
			);
			runOnlyForDeploymentPostprocessing = 0;
		};
		B9F59B581DC2C712005B97CE /* Frameworks */ = {
			isa = PBXFrameworksBuildPhase;
			buildActionMask = 2147483647;
			files = (
			);
			runOnlyForDeploymentPostprocessing = 0;
		};
/* End PBXFrameworksBuildPhase section */

/* Begin PBXGroup section */
		B9F59B3E1DC2C712005B97CE = {
			isa = PBXGroup;
			children = (
				B9F59B491DC2C712005B97CE /* ToddsSyndrome */,
				B9F59B5E1DC2C712005B97CE /* ToddsSyndromeTests */,
				B9F59B481DC2C712005B97CE /* Products */,
			);
			sourceTree = "<group>";
		};
		B9F59B481DC2C712005B97CE /* Products */ = {
			isa = PBXGroup;
			children = (
				B9F59B471DC2C712005B97CE /* ToddsSyndrome.app */,
				B9F59B5B1DC2C712005B97CE /* ToddsSyndromeTests.xctest */,
			);
			name = Products;
			sourceTree = "<group>";
		};
		B9F59B491DC2C712005B97CE /* ToddsSyndrome */ = {
			isa = PBXGroup;
			children = (
				B9F59B4A1DC2C712005B97CE /* AppDelegate.swift */,
				B9F59B4C1DC2C712005B97CE /* MainViewController.swift */,
				B9B316C71DC2D11200D03539 /* ResultsViewController.swift */,
				B9F59B4E1DC2C712005B97CE /* Main.storyboard */,
				B9F59B511DC2C712005B97CE /* Assets.xcassets */,
				B9F59B531DC2C712005B97CE /* LaunchScreen.storyboard */,
				B9F59B561DC2C712005B97CE /* Info.plist */,
				B9F59B6C1DC2CB8A005B97CE /* Fonts */,
			);
			path = ToddsSyndrome;
			sourceTree = "<group>";
		};
		B9F59B5E1DC2C712005B97CE /* ToddsSyndromeTests */ = {
			isa = PBXGroup;
			children = (
				B9F59B5F1DC2C712005B97CE /* ToddsSyndromeTests.swift */,
				B9F59B611DC2C712005B97CE /* Info.plist */,
			);
			path = ToddsSyndromeTests;
			sourceTree = "<group>";
		};
		B9F59B6C1DC2CB8A005B97CE /* Fonts */ = {
			isa = PBXGroup;
			children = (
				B9F59B6D1DC2CEE6005B97CE /* Rubik-Regular.ttf */,
				B9F59B6A1DC2CB87005B97CE /* Rubik-Light.ttf */,
			);
			name = Fonts;
			sourceTree = "<group>";
		};
/* End PBXGroup section */

/* Begin PBXNativeTarget section */
		B9F59B461DC2C712005B97CE /* ToddsSyndrome */ = {
			isa = PBXNativeTarget;
			buildConfigurationList = B9F59B641DC2C712005B97CE /* Build configuration list for PBXNativeTarget "ToddsSyndrome" */;
			buildPhases = (
				B9F59B431DC2C712005B97CE /* Sources */,
				B9F59B441DC2C712005B97CE /* Frameworks */,
				B9F59B451DC2C712005B97CE /* Resources */,
			);
			buildRules = (
			);
			dependencies = (
			);
			name = ToddsSyndrome;
			productName = ToddsSyndrome;
			productReference = B9F59B471DC2C712005B97CE /* ToddsSyndrome.app */;
			productType = "com.apple.product-type.application";
		};
		B9F59B5A1DC2C712005B97CE /* ToddsSyndromeTests */ = {
			isa = PBXNativeTarget;
			buildConfigurationList = B9F59B671DC2C712005B97CE /* Build configuration list for PBXNativeTarget "ToddsSyndromeTests" */;
			buildPhases = (
				B9F59B571DC2C712005B97CE /* Sources */,
				B9F59B581DC2C712005B97CE /* Frameworks */,
				B9F59B591DC2C712005B97CE /* Resources */,
			);
			buildRules = (
			);
			dependencies = (
				B9F59B5D1DC2C712005B97CE /* PBXTargetDependency */,
			);
			name = ToddsSyndromeTests;
			productName = ToddsSyndromeTests;
			productReference = B9F59B5B1DC2C712005B97CE /* ToddsSyndromeTests.xctest */;
			productType = "com.apple.product-type.bundle.unit-test";
		};
/* End PBXNativeTarget section */

/* Begin PBXProject section */
		B9F59B3F1DC2C712005B97CE /* Project object */ = {
			isa = PBXProject;
			attributes = {
				LastSwiftUpdateCheck = 0800;
				LastUpgradeCheck = 0800;
				ORGANIZATIONNAME = "Andrew Garcia";
				TargetAttributes = {
					B9F59B461DC2C712005B97CE = {
						CreatedOnToolsVersion = 8.0;
						DevelopmentTeam = GG9V45QPUJ;
						ProvisioningStyle = Automatic;
					};
					B9F59B5A1DC2C712005B97CE = {
						CreatedOnToolsVersion = 8.0;
						DevelopmentTeam = GG9V45QPUJ;
						ProvisioningStyle = Automatic;
						TestTargetID = B9F59B461DC2C712005B97CE;
					};
				};
			};
			buildConfigurationList = B9F59B421DC2C712005B97CE /* Build configuration list for PBXProject "ToddsSyndrome" */;
			compatibilityVersion = "Xcode 3.2";
			developmentRegion = English;
			hasScannedForEncodings = 0;
			knownRegions = (
				en,
				Base,
			);
			mainGroup = B9F59B3E1DC2C712005B97CE;
			productRefGroup = B9F59B481DC2C712005B97CE /* Products */;
			projectDirPath = "";
			projectRoot = "";
			targets = (
				B9F59B461DC2C712005B97CE /* ToddsSyndrome */,
				B9F59B5A1DC2C712005B97CE /* ToddsSyndromeTests */,
			);
		};
/* End PBXProject section */

/* Begin PBXResourcesBuildPhase section */
		B9F59B451DC2C712005B97CE /* Resources */ = {
			isa = PBXResourcesBuildPhase;
			buildActionMask = 2147483647;
			files = (
				B9F59B551DC2C712005B97CE /* LaunchScreen.storyboard in Resources */,
				B9F59B6B1DC2CB87005B97CE /* Rubik-Light.ttf in Resources */,
				B9F59B521DC2C712005B97CE /* Assets.xcassets in Resources */,
				B9F59B6E1DC2CEE6005B97CE /* Rubik-Regular.ttf in Resources */,
				B9F59B501DC2C712005B97CE /* Main.storyboard in Resources */,
			);
			runOnlyForDeploymentPostprocessing = 0;
		};
		B9F59B591DC2C712005B97CE /* Resources */ = {
			isa = PBXResourcesBuildPhase;
			buildActionMask = 2147483647;
			files = (
			);
			runOnlyForDeploymentPostprocessing = 0;
		};
/* End PBXResourcesBuildPhase section */

/* Begin PBXSourcesBuildPhase section */
		B9F59B431DC2C712005B97CE /* Sources */ = {
			isa = PBXSourcesBuildPhase;
			buildActionMask = 2147483647;
			files = (
				B9F59B4D1DC2C712005B97CE /* MainViewController.swift in Sources */,
				B9F59B4B1DC2C712005B97CE /* AppDelegate.swift in Sources */,
				B9B316C81DC2D11200D03539 /* ResultsViewController.swift in Sources */,
			);
			runOnlyForDeploymentPostprocessing = 0;
		};
		B9F59B571DC2C712005B97CE /* Sources */ = {
			isa = PBXSourcesBuildPhase;
			buildActionMask = 2147483647;
			files = (
				B9F59B601DC2C712005B97CE /* ToddsSyndromeTests.swift in Sources */,
			);
			runOnlyForDeploymentPostprocessing = 0;
		};
/* End PBXSourcesBuildPhase section */

/* Begin PBXTargetDependency section */
		B9F59B5D1DC2C712005B97CE /* PBXTargetDependency */ = {
			isa = PBXTargetDependency;
			target = B9F59B461DC2C712005B97CE /* ToddsSyndrome */;
			targetProxy = B9F59B5C1DC2C712005B97CE /* PBXContainerItemProxy */;
		};
/* End PBXTargetDependency section */

/* Begin PBXVariantGroup section */
		B9F59B4E1DC2C712005B97CE /* Main.storyboard */ = {
			isa = PBXVariantGroup;
			children = (
				B9F59B4F1DC2C712005B97CE /* Base */,
			);
			name = Main.storyboard;
			sourceTree = "<group>";
		};
		B9F59B531DC2C712005B97CE /* LaunchScreen.storyboard */ = {
			isa = PBXVariantGroup;
			children = (
				B9F59B541DC2C712005B97CE /* Base */,
			);
			name = LaunchScreen.storyboard;
			sourceTree = "<group>";
		};
/* End PBXVariantGroup section */

/* Begin XCBuildConfiguration section */
		B9F59B621DC2C712005B97CE /* Debug */ = {
			isa = XCBuildConfiguration;
			buildSettings = {
				ALWAYS_SEARCH_USER_PATHS = NO;
				CLANG_ANALYZER_NONNULL = YES;
				CLANG_CXX_LANGUAGE_STANDARD = "gnu++0x";
				CLANG_CXX_LIBRARY = "libc++";
				CLANG_ENABLE_MODULES = YES;
				CLANG_ENABLE_OBJC_ARC = YES;
				CLANG_WARN_BOOL_CONVERSION = YES;
				CLANG_WARN_CONSTANT_CONVERSION = YES;
				CLANG_WARN_DIRECT_OBJC_ISA_USAGE = YES_ERROR;
				CLANG_WARN_DOCUMENTATION_COMMENTS = YES;
				CLANG_WARN_EMPTY_BODY = YES;
				CLANG_WARN_ENUM_CONVERSION = YES;
				CLANG_WARN_INFINITE_RECURSION = YES;
				CLANG_WARN_INT_CONVERSION = YES;
				CLANG_WARN_OBJC_ROOT_CLASS = YES_ERROR;
				CLANG_WARN_SUSPICIOUS_MOVES = YES;
				CLANG_WARN_UNREACHABLE_CODE = YES;
				CLANG_WARN__DUPLICATE_METHOD_MATCH = YES;
				"CODE_SIGN_IDENTITY[sdk=iphoneos*]" = "iPhone Developer";
				COPY_PHASE_STRIP = NO;
				DEBUG_INFORMATION_FORMAT = dwarf;
				ENABLE_STRICT_OBJC_MSGSEND = YES;
				ENABLE_TESTABILITY = YES;
				GCC_C_LANGUAGE_STANDARD = gnu99;
				GCC_DYNAMIC_NO_PIC = NO;
				GCC_NO_COMMON_BLOCKS = YES;
				GCC_OPTIMIZATION_LEVEL = 0;
				GCC_PREPROCESSOR_DEFINITIONS = (
					"DEBUG=1",
					"$(inherited)",
				);
				GCC_WARN_64_TO_32_BIT_CONVERSION = YES;
				GCC_WARN_ABOUT_RETURN_TYPE = YES_ERROR;
				GCC_WARN_UNDECLARED_SELECTOR = YES;
				GCC_WARN_UNINITIALIZED_AUTOS = YES_AGGRESSIVE;
				GCC_WARN_UNUSED_FUNCTION = YES;
				GCC_WARN_UNUSED_VARIABLE = YES;
				IPHONEOS_DEPLOYMENT_TARGET = 10.0;
				MTL_ENABLE_DEBUG_INFO = YES;
				ONLY_ACTIVE_ARCH = YES;
				SDKROOT = iphoneos;
				SWIFT_ACTIVE_COMPILATION_CONDITIONS = DEBUG;
				SWIFT_OPTIMIZATION_LEVEL = "-Onone";
				TARGETED_DEVICE_FAMILY = "1,2";
			};
			name = Debug;
		};
		B9F59B631DC2C712005B97CE /* Release */ = {
			isa = XCBuildConfiguration;
			buildSettings = {
				ALWAYS_SEARCH_USER_PATHS = NO;
				CLANG_ANALYZER_NONNULL = YES;
				CLANG_CXX_LANGUAGE_STANDARD = "gnu++0x";
				CLANG_CXX_LIBRARY = "libc++";
				CLANG_ENABLE_MODULES = YES;
				CLANG_ENABLE_OBJC_ARC = YES;
				CLANG_WARN_BOOL_CONVERSION = YES;
				CLANG_WARN_CONSTANT_CONVERSION = YES;
				CLANG_WARN_DIRECT_OBJC_ISA_USAGE = YES_ERROR;
				CLANG_WARN_DOCUMENTATION_COMMENTS = YES;
				CLANG_WARN_EMPTY_BODY = YES;
				CLANG_WARN_ENUM_CONVERSION = YES;
				CLANG_WARN_INFINITE_RECURSION = YES;
				CLANG_WARN_INT_CONVERSION = YES;
				CLANG_WARN_OBJC_ROOT_CLASS = YES_ERROR;
				CLANG_WARN_SUSPICIOUS_MOVES = YES;
				CLANG_WARN_UNREACHABLE_CODE = YES;
				CLANG_WARN__DUPLICATE_METHOD_MATCH = YES;
				"CODE_SIGN_IDENTITY[sdk=iphoneos*]" = "iPhone Developer";
				COPY_PHASE_STRIP = NO;
				DEBUG_INFORMATION_FORMAT = "dwarf-with-dsym";
				ENABLE_NS_ASSERTIONS = NO;
				ENABLE_STRICT_OBJC_MSGSEND = YES;
				GCC_C_LANGUAGE_STANDARD = gnu99;
				GCC_NO_COMMON_BLOCKS = YES;
				GCC_WARN_64_TO_32_BIT_CONVERSION = YES;
				GCC_WARN_ABOUT_RETURN_TYPE = YES_ERROR;
				GCC_WARN_UNDECLARED_SELECTOR = YES;
				GCC_WARN_UNINITIALIZED_AUTOS = YES_AGGRESSIVE;
				GCC_WARN_UNUSED_FUNCTION = YES;
				GCC_WARN_UNUSED_VARIABLE = YES;
				IPHONEOS_DEPLOYMENT_TARGET = 10.0;
				MTL_ENABLE_DEBUG_INFO = NO;
				SDKROOT = iphoneos;
				SWIFT_OPTIMIZATION_LEVEL = "-Owholemodule";
				TARGETED_DEVICE_FAMILY = "1,2";
				VALIDATE_PRODUCT = YES;
			};
			name = Release;
		};
		B9F59B651DC2C712005B97CE /* Debug */ = {
			isa = XCBuildConfiguration;
			buildSettings = {
				ASSETCATALOG_COMPILER_APPICON_NAME = AppIcon;
				DEVELOPMENT_TEAM = GG9V45QPUJ;
				INFOPLIST_FILE = ToddsSyndrome/Info.plist;
				LD_RUNPATH_SEARCH_PATHS = "$(inherited) @executable_path/Frameworks";
				PRODUCT_BUNDLE_IDENTIFIER = "Andrew-Garcia.ToddsSyndrome";
				PRODUCT_NAME = "$(TARGET_NAME)";
				SWIFT_VERSION = 3.0;
			};
			name = Debug;
		};
		B9F59B661DC2C712005B97CE /* Release */ = {
			isa = XCBuildConfiguration;
			buildSettings = {
				ASSETCATALOG_COMPILER_APPICON_NAME = AppIcon;
				DEVELOPMENT_TEAM = GG9V45QPUJ;
				INFOPLIST_FILE = ToddsSyndrome/Info.plist;
				LD_RUNPATH_SEARCH_PATHS = "$(inherited) @executable_path/Frameworks";
				PRODUCT_BUNDLE_IDENTIFIER = "Andrew-Garcia.ToddsSyndrome";
				PRODUCT_NAME = "$(TARGET_NAME)";
				SWIFT_VERSION = 3.0;
			};
			name = Release;
		};
		B9F59B681DC2C712005B97CE /* Debug */ = {
			isa = XCBuildConfiguration;
			buildSettings = {
				ALWAYS_EMBED_SWIFT_STANDARD_LIBRARIES = YES;
				BUNDLE_LOADER = "$(TEST_HOST)";
				DEVELOPMENT_TEAM = GG9V45QPUJ;
				INFOPLIST_FILE = ToddsSyndromeTests/Info.plist;
				LD_RUNPATH_SEARCH_PATHS = "$(inherited) @executable_path/Frameworks @loader_path/Frameworks";
				PRODUCT_BUNDLE_IDENTIFIER = "Andrew-Garcia.ToddsSyndromeTests";
				PRODUCT_NAME = "$(TARGET_NAME)";
				SWIFT_VERSION = 3.0;
				TEST_HOST = "$(BUILT_PRODUCTS_DIR)/ToddsSyndrome.app/ToddsSyndrome";
			};
			name = Debug;
		};
		B9F59B691DC2C712005B97CE /* Release */ = {
			isa = XCBuildConfiguration;
			buildSettings = {
				ALWAYS_EMBED_SWIFT_STANDARD_LIBRARIES = YES;
				BUNDLE_LOADER = "$(TEST_HOST)";
				DEVELOPMENT_TEAM = GG9V45QPUJ;
				INFOPLIST_FILE = ToddsSyndromeTests/Info.plist;
				LD_RUNPATH_SEARCH_PATHS = "$(inherited) @executable_path/Frameworks @loader_path/Frameworks";
				PRODUCT_BUNDLE_IDENTIFIER = "Andrew-Garcia.ToddsSyndromeTests";
				PRODUCT_NAME = "$(TARGET_NAME)";
				SWIFT_VERSION = 3.0;
				TEST_HOST = "$(BUILT_PRODUCTS_DIR)/ToddsSyndrome.app/ToddsSyndrome";
			};
			name = Release;
		};
/* End XCBuildConfiguration section */

/* Begin XCConfigurationList section */
		B9F59B421DC2C712005B97CE /* Build configuration list for PBXProject "ToddsSyndrome" */ = {
			isa = XCConfigurationList;
			buildConfigurations = (
				B9F59B621DC2C712005B97CE /* Debug */,
				B9F59B631DC2C712005B97CE /* Release */,
			);
			defaultConfigurationIsVisible = 0;
			defaultConfigurationName = Release;
		};
		B9F59B641DC2C712005B97CE /* Build configuration list for PBXNativeTarget "ToddsSyndrome" */ = {
			isa = XCConfigurationList;
			buildConfigurations = (
				B9F59B651DC2C712005B97CE /* Debug */,
				B9F59B661DC2C712005B97CE /* Release */,
			);
			defaultConfigurationIsVisible = 0;
			defaultConfigurationName = Release;
		};
		B9F59B671DC2C712005B97CE /* Build configuration list for PBXNativeTarget "ToddsSyndromeTests" */ = {
			isa = XCConfigurationList;
			buildConfigurations = (
				B9F59B681DC2C712005B97CE /* Debug */,
				B9F59B691DC2C712005B97CE /* Release */,
			);
			defaultConfigurationIsVisible = 0;
			defaultConfigurationName = Release;
		};
/* End XCConfigurationList section */
	};
	rootObject = B9F59B3F1DC2C712005B97CE /* Project object */;
}
